{
  "name": "auto-sign-machine",
  "version": "1.0.0",
  "lockfileVersion": 2,
  "requires": true,
  "packages": {
    "": {
      "name": "auto-sign-machine",
      "version": "1.0.0",
      "license": "MIT",
      "dependencies": {
        "axios": "^0.21.0",
        "axios-cookiejar-support": "^1.0.1",
        "cheerio": "^1.0.0-rc.3",
        "crypto": "^1.0.1",
        "crypto-js": "^4.0.0",
        "dayjs": "^1.9.6",
        "fs-extra": "^9.0.1",
        "iconv-lite": "^0.6.2",
        "moment": "^2.29.1",
        "protobufjs": "^6.10.2",
        "qs": "^6.9.4",
        "tough-cookie": "^4.0.0",
        "yargs": "^16.1.0"
      }
    },
    "node_modules/@protobufjs/aspromise": {
      "version": "1.1.2",
      "resolved": "https://registry.npm.taobao.org/@protobufjs/aspromise/download/@protobufjs/aspromise-1.1.2.tgz",
      "integrity": "sha1-m4sMxmPWaafY9vXQiToU00jzD78="
    },
    "node_modules/@protobufjs/base64": {
      "version": "1.1.2",
      "resolved": "https://registry.npm.taobao.org/@protobufjs/base64/download/@protobufjs/base64-1.1.2.tgz",
      "integrity": "sha1-TIVzDlm5ofHzSQR9vyQpYDS7JzU="
    },
    "node_modules/@protobufjs/codegen": {
      "version": "2.0.4",
      "resolved": "https://registry.npm.taobao.org/@protobufjs/codegen/download/@protobufjs/codegen-2.0.4.tgz",
      "integrity": "sha1-fvN/DQEPsCitGtWXIuUG2SYoFcs="
    },
    "node_modules/@protobufjs/eventemitter": {
      "version": "1.1.0",
      "resolved": "https://registry.npm.taobao.org/@protobufjs/eventemitter/download/@protobufjs/eventemitter-1.1.0.tgz",
      "integrity": "sha1-NVy8mLr61ZePntCV85diHx0Ga3A="
    },
    "node_modules/@protobufjs/fetch": {
      "version": "1.1.0",
      "resolved": "https://registry.npm.taobao.org/@protobufjs/fetch/download/@protobufjs/fetch-1.1.0.tgz",
      "integrity": "sha1-upn7WYYUr2VwDBYZ/wbUVLDYTEU=",
      "dependencies": {
        "@protobufjs/aspromise": "^1.1.1",
        "@protobufjs/inquire": "^1.1.0"
      }
    },
    "node_modules/@protobufjs/float": {
      "version": "1.0.2",
      "resolved": "https://registry.npm.taobao.org/@protobufjs/float/download/@protobufjs/float-1.0.2.tgz",
      "integrity": "sha1-Xp4avctz/Ap8uLKR33jIy9l7h9E="
    },
    "node_modules/@protobufjs/inquire": {
      "version": "1.1.0",
      "resolved": "https://registry.npm.taobao.org/@protobufjs/inquire/download/@protobufjs/inquire-1.1.0.tgz",
      "integrity": "sha1-/yAOPnzyQp4tyvwRQIKOjMY48Ik="
    },
    "node_modules/@protobufjs/path": {
      "version": "1.1.2",
      "resolved": "https://registry.npm.taobao.org/@protobufjs/path/download/@protobufjs/path-1.1.2.tgz",
      "integrity": "sha1-bMKyDFya1q0NzP0hynZz2Nf79o0="
    },
    "node_modules/@protobufjs/pool": {
      "version": "1.1.0",
      "resolved": "https://registry.npm.taobao.org/@protobufjs/pool/download/@protobufjs/pool-1.1.0.tgz",
      "integrity": "sha1-Cf0V8tbTq/qbZbw2ZQbWrXhG/1Q="
    },
    "node_modules/@protobufjs/utf8": {
      "version": "1.1.0",
      "resolved": "https://registry.npm.taobao.org/@protobufjs/utf8/download/@protobufjs/utf8-1.1.0.tgz",
      "integrity": "sha1-p3c2C1s5oaLlEG+OhY8v0tBgxXA="
    },
    "node_modules/@types/long": {
      "version": "4.0.1",
      "resolved": "https://registry.npm.taobao.org/@types/long/download/@types/long-4.0.1.tgz?cache=0&sync_timestamp=1605055033937&other_urls=https%3A%2F%2Fregistry.npm.taobao.org%2F%40types%2Flong%2Fdownload%2F%40types%2Flong-4.0.1.tgz",
      "integrity": "sha1-RZxl+hhn2v5qjzIsTFFpVmPMVek="
    },
    "node_modules/@types/node": {
      "version": "14.14.7",
      "resolved": "https://registry.npmjs.org/@types/node/-/node-14.14.7.tgz",
      "integrity": "sha512-Zw1vhUSQZYw+7u5dAwNbIA9TuTotpzY/OF7sJM9FqPOF3SPjKnxrjoTktXDZgUjybf4cWVBP7O8wvKdSaGHweg=="
    },
    "node_modules/@types/tough-cookie": {
      "version": "4.0.0",
      "resolved": "https://registry.npm.taobao.org/@types/tough-cookie/download/@types/tough-cookie-4.0.0.tgz",
      "integrity": "sha1-/vGQTkZotuXs7mDFLMageP+maX0=",
      "peer": true
    },
    "node_modules/ansi-regex": {
      "version": "5.0.0",
      "resolved": "https://registry.yarnpkg.com/ansi-regex/-/ansi-regex-5.0.0.tgz",
      "integrity": "sha512-bY6fj56OUQ0hU1KjFNDQuJFezqKdrAyFdIevADiqrWHwSlbmBNMHp5ak2f40Pm8JTFyM2mqxkG6ngkHO11f/lg==",
      "license": "MIT",
      "engines": {
        "node": ">=8"
      }
    },
    "node_modules/ansi-styles": {
      "version": "4.3.0",
      "resolved": "https://registry.yarnpkg.com/ansi-styles/-/ansi-styles-4.3.0.tgz",
      "integrity": "sha512-zbB9rCJAT1rbjiVDb2hqKFHNYLxgtk8NURxZ3IZwD3F6NtxbXZQCnnSi1Lkx+IDohdPlFp222wVALIheZJQSEg==",
      "license": "MIT",
      "dependencies": {
        "color-convert": "^2.0.1"
      },
      "engines": {
        "node": ">=8"
      },
      "funding": {
        "url": "https://github.com/chalk/ansi-styles?sponsor=1"
      }
    },
    "node_modules/at-least-node": {
      "version": "1.0.0",
      "resolved": "https://registry.npm.taobao.org/at-least-node/download/at-least-node-1.0.0.tgz",
      "integrity": "sha1-YCzUtG6EStTv/JKoARo8RuAjjcI=",
      "engines": {
        "node": ">= 4.0.0"
      }
    },
    "node_modules/axios": {
      "version": "0.21.0",
      "resolved": "https://registry.npmjs.org/axios/-/axios-0.21.0.tgz",
      "integrity": "sha512-fmkJBknJKoZwem3/IKSSLpkdNXZeBu5Q7GA/aRsr2btgrptmSCxi2oFjZHqGdK9DoTil9PIHlPIZw2EcRJXRvw==",
      "dependencies": {
        "follow-redirects": "^1.10.0"
      }
    },
    "node_modules/axios-cookiejar-support": {
      "version": "1.0.1",
      "resolved": "https://registry.npm.taobao.org/axios-cookiejar-support/download/axios-cookiejar-support-1.0.1.tgz",
      "integrity": "sha1-ezKvfZMlCFRsaLH8W6j1YohBYuE=",
      "dependencies": {
        "is-redirect": "^1.0.0",
        "pify": "^5.0.0"
      },
      "engines": {
        "node": ">= 10.0.0"
      },
      "peerDependencies": {
        "@types/tough-cookie": ">=2.3.3",
        "axios": ">=0.16.2",
        "tough-cookie": ">=2.3.3"
      }
    },
    "node_modules/boolbase": {
      "version": "1.0.0",
      "resolved": "https://registry.npmjs.org/boolbase/-/boolbase-1.0.0.tgz",
      "integrity": "sha1-aN/1++YMUes3cl6p4+0xDcwed24="
    },
    "node_modules/cheerio": {
      "version": "1.0.0-rc.3",
      "resolved": "https://registry.npmjs.org/cheerio/-/cheerio-1.0.0-rc.3.tgz",
      "integrity": "sha512-0td5ijfUPuubwLUu0OBoe98gZj8C/AA+RW3v67GPlGOrvxWjZmBXiBCRU+I8VEiNyJzjth40POfHiz2RB3gImA==",
      "dependencies": {
        "css-select": "~1.2.0",
        "dom-serializer": "~0.1.1",
        "entities": "~1.1.1",
        "htmlparser2": "^3.9.1",
        "lodash": "^4.15.0",
        "parse5": "^3.0.1"
      },
      "engines": {
        "node": ">= 0.6"
      }
    },
    "node_modules/cliui": {
      "version": "7.0.4",
      "resolved": "https://registry.yarnpkg.com/cliui/-/cliui-7.0.4.tgz",
      "integrity": "sha512-OcRE68cOsVMXp1Yvonl/fzkQOyjLSu/8bhPDfQt0e0/Eb283TKP20Fs2MqoPsr9SwA595rRCA+QMzYc9nBP+JQ==",
      "license": "ISC",
      "dependencies": {
        "string-width": "^4.2.0",
        "strip-ansi": "^6.0.0",
        "wrap-ansi": "^7.0.0"
      }
    },
    "node_modules/color-convert": {
      "version": "2.0.1",
      "resolved": "https://registry.yarnpkg.com/color-convert/-/color-convert-2.0.1.tgz",
      "integrity": "sha512-RRECPsj7iu/xb5oKYcsFHSppFNnsj/52OVTRKb4zP5onXwVF3zVmmToNcOfGC+CRDpfK/U584fMg38ZHCaElKQ==",
      "license": "MIT",
      "dependencies": {
        "color-name": "~1.1.4"
      },
      "engines": {
        "node": ">=7.0.0"
      }
    },
    "node_modules/color-name": {
      "version": "1.1.4",
      "resolved": "https://registry.yarnpkg.com/color-name/-/color-name-1.1.4.tgz",
      "integrity": "sha512-dOy+3AuW3a2wNbZHIuMZpTcgjGuLU/uBL/ubcZF9OXbDo8ff4O8yVp5Bf0efS8uEoYo5q4Fx7dY9OgQGXgAsQA==",
      "license": "MIT"
    },
    "node_modules/crypto": {
      "version": "1.0.1",
      "resolved": "https://registry.npmjs.org/crypto/-/crypto-1.0.1.tgz",
      "integrity": "sha512-VxBKmeNcqQdiUQUW2Tzq0t377b54N2bMtXO/qiLa+6eRRmmC4qT3D4OnTGoT/U6O9aklQ/jTwbOtRMTTY8G0Ig==",
      "deprecated": "This package is no longer supported. It's now a built-in Node module. If you've depended on crypto, you should switch to the one that's built-in."
    },
    "node_modules/crypto-js": {
      "version": "4.0.0",
      "resolved": "https://registry.npm.taobao.org/crypto-js/download/crypto-js-4.0.0.tgz",
      "integrity": "sha1-KQSrJnep0EKFai6i74DekuSjbcw="
    },
    "node_modules/css-select": {
      "version": "1.2.0",
      "resolved": "https://registry.npmjs.org/css-select/-/css-select-1.2.0.tgz",
      "integrity": "sha1-KzoRBTnFNV8c2NMUYj6HCxIeyFg=",
      "dependencies": {
        "boolbase": "~1.0.0",
        "css-what": "2.1",
        "domutils": "1.5.1",
        "nth-check": "~1.0.1"
      }
    },
    "node_modules/css-what": {
      "version": "2.1.3",
      "resolved": "https://registry.npmjs.org/css-what/-/css-what-2.1.3.tgz",
      "integrity": "sha512-a+EPoD+uZiNfh+5fxw2nO9QwFa6nJe2Or35fGY6Ipw1R3R4AGz1d1TEZrCegvw2YTmZ0jXirGYlzxxpYSHwpEg==",
      "engines": {
        "node": "*"
      }
    },
    "node_modules/dayjs": {
      "version": "1.9.6",
      "resolved": "https://registry.npmjs.org/dayjs/-/dayjs-1.9.6.tgz",
      "integrity": "sha512-HngNLtPEBWRo8EFVmHFmSXAjtCX8rGNqeXQI0Gh7wCTSqwaKgPIDqu9m07wABVopNwzvOeCb+2711vQhDlcIXw=="
    },
    "node_modules/dom-serializer": {
      "version": "0.1.1",
      "resolved": "https://registry.npmjs.org/dom-serializer/-/dom-serializer-0.1.1.tgz",
      "integrity": "sha512-l0IU0pPzLWSHBcieZbpOKgkIn3ts3vAh7ZuFyXNwJxJXk/c4Gwj9xaTJwIDVQCXawWD0qb3IzMGH5rglQaO0XA==",
      "dependencies": {
        "domelementtype": "^1.3.0",
        "entities": "^1.1.1"
      }
    },
    "node_modules/domelementtype": {
      "version": "1.3.1",
      "resolved": "https://registry.npmjs.org/domelementtype/-/domelementtype-1.3.1.tgz",
      "integrity": "sha512-BSKB+TSpMpFI/HOxCNr1O8aMOTZ8hT3pM3GQ0w/mWRmkhEDSFJkkyzz4XQsBV44BChwGkrDfMyjVD0eA2aFV3w=="
    },
    "node_modules/domhandler": {
      "version": "2.4.2",
      "resolved": "https://registry.npmjs.org/domhandler/-/domhandler-2.4.2.tgz",
      "integrity": "sha512-JiK04h0Ht5u/80fdLMCEmV4zkNh2BcoMFBmZ/91WtYZ8qVXSKjiw7fXMgFPnHcSZgOo3XdinHvmnDUeMf5R4wA==",
      "dependencies": {
        "domelementtype": "1"
      }
    },
    "node_modules/domutils": {
      "version": "1.5.1",
      "resolved": "https://registry.npmjs.org/domutils/-/domutils-1.5.1.tgz",
      "integrity": "sha1-3NhIiib1Y9YQeeSMn3t+Mjc2gs8=",
      "dependencies": {
        "dom-serializer": "0",
        "domelementtype": "1"
      }
    },
    "node_modules/emoji-regex": {
      "version": "8.0.0",
      "resolved": "https://registry.yarnpkg.com/emoji-regex/-/emoji-regex-8.0.0.tgz",
      "integrity": "sha512-MSjYzcWNOA0ewAHpz0MxpYFvwg6yjy1NG3xteoqz644VCo/RPgnr1/GGt+ic3iJTzQ8Eu3TdM14SawnVUmGE6A==",
      "license": "MIT"
    },
    "node_modules/entities": {
      "version": "1.1.2",
      "resolved": "https://registry.npmjs.org/entities/-/entities-1.1.2.tgz",
      "integrity": "sha512-f2LZMYl1Fzu7YSBKg+RoROelpOaNrcGmE9AZubeDfrCEia483oW4MI4VyFd5VNHIgQ/7qm1I0wUHK1eJnn2y2w=="
    },
    "node_modules/escalade": {
      "version": "3.1.1",
      "resolved": "https://registry.yarnpkg.com/escalade/-/escalade-3.1.1.tgz",
      "integrity": "sha512-k0er2gUkLf8O0zKJiAhmkTnJlTvINGv7ygDNPbeIsX/TJjGJZHuh9B2UxbsaEkmlEo9MfhrSzmhIlhRlI2GXnw==",
      "license": "MIT",
      "engines": {
        "node": ">=6"
      }
    },
    "node_modules/follow-redirects": {
      "version": "1.13.0",
      "resolved": "https://registry.npmjs.org/follow-redirects/-/follow-redirects-1.13.0.tgz",
      "integrity": "sha512-aq6gF1BEKje4a9i9+5jimNFIpq4Q1WiwBToeRK5NvZBd/TRsmW8BsJfOEGkr76TbOyPVD3OVDN910EcUNtRYEA==",
      "funding": [
        {
          "type": "individual",
          "url": "https://github.com/sponsors/RubenVerborgh"
        }
      ],
      "engines": {
        "node": ">=4.0"
      }
    },
    "node_modules/fs-extra": {
      "version": "9.0.1",
      "resolved": "https://registry.npm.taobao.org/fs-extra/download/fs-extra-9.0.1.tgz",
      "integrity": "sha1-kQ2gBiQ3ukw5/t2GPxZ1zP78ufw=",
      "dependencies": {
        "at-least-node": "^1.0.0",
        "graceful-fs": "^4.2.0",
        "jsonfile": "^6.0.1",
        "universalify": "^1.0.0"
      },
      "engines": {
        "node": ">=10"
      }
    },
    "node_modules/get-caller-file": {
      "version": "2.0.5",
      "resolved": "https://registry.yarnpkg.com/get-caller-file/-/get-caller-file-2.0.5.tgz",
      "integrity": "sha512-DyFP3BM/3YHTQOCUL/w0OZHR0lpKeGrxotcHWcqNEdnltqFwXVfhEBQ94eIo34AfQpo0rGki4cyIiftY06h2Fg==",
      "license": "ISC",
      "engines": {
        "node": "6.* || 8.* || >= 10.*"
      }
    },
    "node_modules/graceful-fs": {
      "version": "4.2.4",
      "resolved": "https://registry.npm.taobao.org/graceful-fs/download/graceful-fs-4.2.4.tgz",
      "integrity": "sha1-Ila94U02MpWMRl68ltxGfKB6Kfs="
    },
    "node_modules/htmlparser2": {
      "version": "3.10.1",
      "resolved": "https://registry.npmjs.org/htmlparser2/-/htmlparser2-3.10.1.tgz",
      "integrity": "sha512-IgieNijUMbkDovyoKObU1DUhm1iwNYE/fuifEoEHfd1oZKZDaONBSkal7Y01shxsM49R4XaMdGez3WnF9UfiCQ==",
      "dependencies": {
        "domelementtype": "^1.3.1",
        "domhandler": "^2.3.0",
        "domutils": "^1.5.1",
        "entities": "^1.1.1",
        "inherits": "^2.0.1",
        "readable-stream": "^3.1.1"
      }
    },
    "node_modules/iconv-lite": {
      "version": "0.6.2",
      "resolved": "https://registry.npmjs.org/iconv-lite/-/iconv-lite-0.6.2.tgz",
      "integrity": "sha512-2y91h5OpQlolefMPmUlivelittSWy0rP+oYVpn6A7GwVHNE8AWzoYOBNmlwks3LobaJxgHCYZAnyNo2GgpNRNQ==",
      "dependencies": {
        "safer-buffer": ">= 2.1.2 < 3.0.0"
      },
      "engines": {
        "node": ">=0.10.0"
      }
    },
    "node_modules/inherits": {
      "version": "2.0.4",
      "resolved": "https://registry.npmjs.org/inherits/-/inherits-2.0.4.tgz",
      "integrity": "sha512-k/vGaX4/Yla3WzyMCvTQOXYeIHvqOKtnqBduzTHpzpQZzAskKMhZ2K+EnBiSM9zGSoIFeMpXKxa4dYeZIQqewQ=="
    },
    "node_modules/is-fullwidth-code-point": {
      "version": "3.0.0",
      "resolved": "https://registry.yarnpkg.com/is-fullwidth-code-point/-/is-fullwidth-code-point-3.0.0.tgz",
      "integrity": "sha512-zymm5+u+sCsSWyD9qNaejV3DFvhCKclKdizYaJUuHA83RLjb7nSuGnddCHGv0hk+KY7BMAlsWeK4Ueg6EV6XQg==",
      "license": "MIT",
      "engines": {
        "node": ">=8"
      }
    },
    "node_modules/is-redirect": {
      "version": "1.0.0",
      "resolved": "https://registry.npm.taobao.org/is-redirect/download/is-redirect-1.0.0.tgz",
      "integrity": "sha1-HQPd7VO9jbDzDCbk+V02/HyH3CQ=",
      "engines": {
        "node": ">=0.10.0"
      }
    },
    "node_modules/jsonfile": {
      "version": "6.1.0",
      "resolved": "https://registry.npm.taobao.org/jsonfile/download/jsonfile-6.1.0.tgz",
      "integrity": "sha1-vFWyY0eTxnnsZAMJTrE2mKbsCq4=",
      "dependencies": {
        "graceful-fs": "^4.1.6",
        "universalify": "^2.0.0"
      },
      "optionalDependencies": {
        "graceful-fs": "^4.1.6"
      }
    },
    "node_modules/jsonfile/node_modules/universalify": {
      "version": "2.0.0",
      "resolved": "https://registry.npm.taobao.org/universalify/download/universalify-2.0.0.tgz?cache=0&sync_timestamp=1603179970052&other_urls=https%3A%2F%2Fregistry.npm.taobao.org%2Funiversalify%2Fdownload%2Funiversalify-2.0.0.tgz",
      "integrity": "sha1-daSYTv7cSwiXXFrrc/Uw0C3yVxc=",
      "engines": {
        "node": ">= 10.0.0"
      }
    },
    "node_modules/lodash": {
      "version": "4.17.20",
      "resolved": "https://registry.npmjs.org/lodash/-/lodash-4.17.20.tgz",
      "integrity": "sha512-PlhdFcillOINfeV7Ni6oF1TAEayyZBoZ8bcshTHqOYJYlrqzRK5hagpagky5o4HfCzzd1TRkXPMFq6cKk9rGmA=="
    },
    "node_modules/long": {
      "version": "4.0.0",
      "resolved": "https://registry.npm.taobao.org/long/download/long-4.0.0.tgz",
      "integrity": "sha1-mntxz7fTYaGU6lVSQckvdGjVvyg="
    },
    "node_modules/moment": {
      "version": "2.29.1",
      "resolved": "https://registry.npm.taobao.org/moment/download/moment-2.29.1.tgz?cache=0&sync_timestamp=1601983320283&other_urls=https%3A%2F%2Fregistry.npm.taobao.org%2Fmoment%2Fdownload%2Fmoment-2.29.1.tgz",
      "integrity": "sha1-sr52n6MZQL6e7qZGnAdeNQBvo9M=",
      "engines": {
        "node": "*"
      }
    },
    "node_modules/nth-check": {
      "version": "1.0.2",
      "resolved": "https://registry.npmjs.org/nth-check/-/nth-check-1.0.2.tgz",
      "integrity": "sha512-WeBOdju8SnzPN5vTUJYxYUxLeXpCaVP5i5e0LF8fg7WORF2Wd7wFX/pk0tYZk7s8T+J7VLy0Da6J1+wCT0AtHg==",
      "dependencies": {
        "boolbase": "~1.0.0"
      }
    },
    "node_modules/parse5": {
      "version": "3.0.3",
      "resolved": "https://registry.npmjs.org/parse5/-/parse5-3.0.3.tgz",
      "integrity": "sha512-rgO9Zg5LLLkfJF9E6CCmXlSE4UVceloys8JrFqCcHloC3usd/kJCyPDwH2SOlzix2j3xaP9sUX3e8+kvkuleAA==",
      "dependencies": {
        "@types/node": "*"
      }
    },
    "node_modules/pify": {
      "version": "5.0.0",
      "resolved": "https://registry.npm.taobao.org/pify/download/pify-5.0.0.tgz",
      "integrity": "sha1-H17KP16H6+wozG1UoOSq8ArMEn8=",
      "engines": {
        "node": ">=10"
      }
    },
    "node_modules/protobufjs": {
      "version": "6.10.2",
      "resolved": "https://registry.npm.taobao.org/protobufjs/download/protobufjs-6.10.2.tgz?cache=0&sync_timestamp=1605559636133&other_urls=https%3A%2F%2Fregistry.npm.taobao.org%2Fprotobufjs%2Fdownload%2Fprotobufjs-6.10.2.tgz",
      "integrity": "sha1-uctr2OyPh1FFkro/39KOk/M6Rps=",
      "dependencies": {
        "@protobufjs/aspromise": "^1.1.2",
        "@protobufjs/base64": "^1.1.2",
        "@protobufjs/codegen": "^2.0.4",
        "@protobufjs/eventemitter": "^1.1.0",
        "@protobufjs/fetch": "^1.1.0",
        "@protobufjs/float": "^1.0.2",
        "@protobufjs/inquire": "^1.1.0",
        "@protobufjs/path": "^1.1.2",
        "@protobufjs/pool": "^1.1.0",
        "@protobufjs/utf8": "^1.1.0",
        "@types/long": "^4.0.1",
        "@types/node": "^13.7.0",
        "long": "^4.0.0"
      },
      "bin": {
        "pbjs": "bin/pbjs",
        "pbts": "bin/pbts"
      }
    },
    "node_modules/protobufjs/node_modules/@types/node": {
      "version": "13.13.40",
      "resolved": "https://registry.npm.taobao.org/@types/node/download/@types/node-13.13.40.tgz?cache=0&sync_timestamp=1610658214168&other_urls=https%3A%2F%2Fregistry.npm.taobao.org%2F%40types%2Fnode%2Fdownload%2F%40types%2Fnode-13.13.40.tgz",
      "integrity": "sha1-9lXvMnNizIORLy5pM23cYqJKn4g="
    },
    "node_modules/psl": {
      "version": "1.8.0",
      "resolved": "https://registry.npm.taobao.org/psl/download/psl-1.8.0.tgz",
      "integrity": "sha1-kyb4vPsBOtzABf3/BWrM4CDlHCQ="
    },
    "node_modules/punycode": {
      "version": "2.1.1",
      "resolved": "https://registry.npm.taobao.org/punycode/download/punycode-2.1.1.tgz",
      "integrity": "sha1-tYsBCsQMIsVldhbI0sLALHv0eew=",
      "engines": {
        "node": ">=6"
      }
    },
    "node_modules/qs": {
      "version": "6.9.4",
      "resolved": "https://registry.npmjs.org/qs/-/qs-6.9.4.tgz",
      "integrity": "sha512-A1kFqHekCTM7cz0udomYUoYNWjBebHm/5wzU/XqrBRBNWectVH0QIiN+NEcZ0Dte5hvzHwbr8+XQmguPhJ6WdQ==",
      "engines": {
        "node": ">=0.6"
      },
      "funding": {
        "url": "https://github.com/sponsors/ljharb"
      }
    },
    "node_modules/readable-stream": {
      "version": "3.6.0",
      "resolved": "https://registry.npmjs.org/readable-stream/-/readable-stream-3.6.0.tgz",
      "integrity": "sha512-BViHy7LKeTz4oNnkcLJ+lVSL6vpiFeX6/d3oSH8zCW7UxP2onchk+vTGB143xuFjHS3deTgkKoXXymXqymiIdA==",
      "dependencies": {
        "inherits": "^2.0.3",
        "string_decoder": "^1.1.1",
        "util-deprecate": "^1.0.1"
      },
      "engines": {
        "node": ">= 6"
      }
    },
    "node_modules/require-directory": {
      "version": "2.1.1",
      "resolved": "https://registry.yarnpkg.com/require-directory/-/require-directory-2.1.1.tgz",
      "integrity": "sha1-jGStX9MNqxyXbiNE/+f3kqam30I=",
      "license": "MIT",
      "engines": {
        "node": ">=0.10.0"
      }
    },
    "node_modules/safe-buffer": {
      "version": "5.2.1",
      "resolved": "https://registry.npmjs.org/safe-buffer/-/safe-buffer-5.2.1.tgz",
      "integrity": "sha512-rp3So07KcdmmKbGvgaNxQSJr7bGVSVk5S9Eq1F+ppbRo70+YeaDxkw5Dd8NPN+GD6bjnYm2VuPuCXmpuYvmCXQ==",
      "funding": [
        {
          "type": "github",
          "url": "https://github.com/sponsors/feross"
        },
        {
          "type": "patreon",
          "url": "https://www.patreon.com/feross"
        },
        {
          "type": "consulting",
          "url": "https://feross.org/support"
        }
      ]
    },
    "node_modules/safer-buffer": {
      "version": "2.1.2",
      "resolved": "https://registry.npmjs.org/safer-buffer/-/safer-buffer-2.1.2.tgz",
      "integrity": "sha512-YZo3K82SD7Riyi0E1EQPojLz7kpepnSQI9IyPbHHg1XXXevb5dJI7tpyN2ADxGcQbHG7vcyRHk0cbwqcQriUtg=="
    },
    "node_modules/string_decoder": {
      "version": "1.3.0",
      "resolved": "https://registry.npmjs.org/string_decoder/-/string_decoder-1.3.0.tgz",
      "integrity": "sha512-hkRX8U1WjJFd8LsDJ2yQ/wWWxaopEsABU1XfkM8A+j0+85JAGppt16cr1Whg6KIbb4okU6Mql6BOj+uup/wKeA==",
      "dependencies": {
        "safe-buffer": "~5.2.0"
      }
    },
    "node_modules/string-width": {
      "version": "4.2.0",
      "resolved": "https://registry.yarnpkg.com/string-width/-/string-width-4.2.0.tgz",
      "integrity": "sha512-zUz5JD+tgqtuDjMhwIg5uFVV3dtqZ9yQJlZVfq4I01/K5Paj5UHj7VyrQOJvzawSVlKpObApbfD0Ed6yJc+1eg==",
      "license": "MIT",
      "dependencies": {
        "emoji-regex": "^8.0.0",
        "is-fullwidth-code-point": "^3.0.0",
        "strip-ansi": "^6.0.0"
      },
      "engines": {
        "node": ">=8"
      }
    },
    "node_modules/strip-ansi": {
      "version": "6.0.0",
      "resolved": "https://registry.yarnpkg.com/strip-ansi/-/strip-ansi-6.0.0.tgz",
      "integrity": "sha512-AuvKTrTfQNYNIctbR1K/YGTR1756GycPsg7b9bdV9Duqur4gv6aKqHXah67Z8ImS7WEz5QVcOtlfW2rZEugt6w==",
      "license": "MIT",
      "dependencies": {
        "ansi-regex": "^5.0.0"
      },
      "engines": {
        "node": ">=8"
      }
    },
    "node_modules/tough-cookie": {
      "version": "4.0.0",
      "resolved": "https://registry.npm.taobao.org/tough-cookie/download/tough-cookie-4.0.0.tgz",
      "integrity": "sha1-2CIjTuyogvmR8PkIgkrSYi3b7OQ=",
      "dependencies": {
        "psl": "^1.1.33",
        "punycode": "^2.1.1",
        "universalify": "^0.1.2"
      },
      "engines": {
        "node": ">=6"
      }
    },
    "node_modules/tough-cookie/node_modules/universalify": {
      "version": "0.1.2",
      "resolved": "https://registry.npm.taobao.org/universalify/download/universalify-0.1.2.tgz?cache=0&sync_timestamp=1603179970052&other_urls=https%3A%2F%2Fregistry.npm.taobao.org%2Funiversalify%2Fdownload%2Funiversalify-0.1.2.tgz",
      "integrity": "sha1-tkb2m+OULavOzJ1mOcgNwQXvqmY=",
      "engines": {
        "node": ">= 4.0.0"
      }
    },
    "node_modules/universalify": {
      "version": "1.0.0",
      "resolved": "https://registry.npm.taobao.org/universalify/download/universalify-1.0.0.tgz?cache=0&sync_timestamp=1603179970052&other_urls=https%3A%2F%2Fregistry.npm.taobao.org%2Funiversalify%2Fdownload%2Funiversalify-1.0.0.tgz",
      "integrity": "sha1-thodoXPoQ1sv48Z9Kbmt+FlL0W0=",
      "engines": {
        "node": ">= 10.0.0"
      }
    },
    "node_modules/util-deprecate": {
      "version": "1.0.2",
      "resolved": "https://registry.npmjs.org/util-deprecate/-/util-deprecate-1.0.2.tgz",
      "integrity": "sha1-RQ1Nyfpw3nMnYvvS1KKJgUGaDM8="
    },
    "node_modules/wrap-ansi": {
      "version": "7.0.0",
      "resolved": "https://registry.yarnpkg.com/wrap-ansi/-/wrap-ansi-7.0.0.tgz",
      "integrity": "sha512-YVGIj2kamLSTxw6NsZjoBxfSwsn0ycdesmc4p+Q21c5zPuZ1pl+NfxVdxPtdHvmNVOQ6XSYG4AUtyt/Fi7D16Q==",
      "license": "MIT",
      "dependencies": {
        "ansi-styles": "^4.0.0",
        "string-width": "^4.1.0",
        "strip-ansi": "^6.0.0"
      },
      "engines": {
        "node": ">=10"
      },
      "funding": {
        "url": "https://github.com/chalk/wrap-ansi?sponsor=1"
      }
    },
    "node_modules/y18n": {
      "version": "5.0.5",
      "resolved": "https://registry.yarnpkg.com/y18n/-/y18n-5.0.5.tgz",
      "integrity": "sha512-hsRUr4FFrvhhRH12wOdfs38Gy7k2FFzB9qgN9v3aLykRq0dRcdcpz5C9FxdS2NuhOrI/628b/KSTJ3rwHysYSg==",
      "license": "ISC",
      "engines": {
        "node": ">=10"
      }
    },
    "node_modules/yargs": {
      "version": "16.1.0",
      "resolved": "https://registry.yarnpkg.com/yargs/-/yargs-16.1.0.tgz",
      "integrity": "sha512-upWFJOmDdHN0syLuESuvXDmrRcWd1QafJolHskzaw79uZa7/x53gxQKiR07W59GWY1tFhhU/Th9DrtSfpS782g==",
      "license": "MIT",
      "dependencies": {
        "cliui": "^7.0.2",
        "escalade": "^3.1.1",
        "get-caller-file": "^2.0.5",
        "require-directory": "^2.1.1",
        "string-width": "^4.2.0",
        "y18n": "^5.0.2",
        "yargs-parser": "^20.2.2"
      },
      "engines": {
        "node": ">=10"
      }
    },
    "node_modules/yargs-parser": {
      "version": "20.2.4",
      "resolved": "https://registry.yarnpkg.com/yargs-parser/-/yargs-parser-20.2.4.tgz",
      "integrity": "sha512-WOkpgNhPTlE73h4VFAFsOnomJVaovO8VqLDzy5saChRBFQFBoMYirowyW+Q9HB4HFF4Z7VZTiG3iSzJJA29yRA==",
      "license": "ISC",
      "engines": {
        "node": ">=10"
      }
    }
  },
  "dependencies": {
    "@protobufjs/aspromise": {
      "version": "1.1.2",
      "resolved": "https://registry.npm.taobao.org/@protobufjs/aspromise/download/@protobufjs/aspromise-1.1.2.tgz",
      "integrity": "sha1-m4sMxmPWaafY9vXQiToU00jzD78="
    },
    "@protobufjs/base64": {
      "version": "1.1.2",
      "resolved": "https://registry.npm.taobao.org/@protobufjs/base64/download/@protobufjs/base64-1.1.2.tgz",
      "integrity": "sha1-TIVzDlm5ofHzSQR9vyQpYDS7JzU="
    },
    "@protobufjs/codegen": {
      "version": "2.0.4",
      "resolved": "https://registry.npm.taobao.org/@protobufjs/codegen/download/@protobufjs/codegen-2.0.4.tgz",
      "integrity": "sha1-fvN/DQEPsCitGtWXIuUG2SYoFcs="
    },
    "@protobufjs/eventemitter": {
      "version": "1.1.0",
      "resolved": "https://registry.npm.taobao.org/@protobufjs/eventemitter/download/@protobufjs/eventemitter-1.1.0.tgz",
      "integrity": "sha1-NVy8mLr61ZePntCV85diHx0Ga3A="
    },
    "@protobufjs/fetch": {
      "version": "1.1.0",
      "resolved": "https://registry.npm.taobao.org/@protobufjs/fetch/download/@protobufjs/fetch-1.1.0.tgz",
      "integrity": "sha1-upn7WYYUr2VwDBYZ/wbUVLDYTEU=",
      "requires": {
        "@protobufjs/aspromise": "^1.1.1",
        "@protobufjs/inquire": "^1.1.0"
      }
    },
    "@protobufjs/float": {
      "version": "1.0.2",
      "resolved": "https://registry.npm.taobao.org/@protobufjs/float/download/@protobufjs/float-1.0.2.tgz",
      "integrity": "sha1-Xp4avctz/Ap8uLKR33jIy9l7h9E="
    },
    "@protobufjs/inquire": {
      "version": "1.1.0",
      "resolved": "https://registry.npm.taobao.org/@protobufjs/inquire/download/@protobufjs/inquire-1.1.0.tgz",
      "integrity": "sha1-/yAOPnzyQp4tyvwRQIKOjMY48Ik="
    },
    "@protobufjs/path": {
      "version": "1.1.2",
      "resolved": "https://registry.npm.taobao.org/@protobufjs/path/download/@protobufjs/path-1.1.2.tgz",
      "integrity": "sha1-bMKyDFya1q0NzP0hynZz2Nf79o0="
    },
    "@protobufjs/pool": {
      "version": "1.1.0",
      "resolved": "https://registry.npm.taobao.org/@protobufjs/pool/download/@protobufjs/pool-1.1.0.tgz",
      "integrity": "sha1-Cf0V8tbTq/qbZbw2ZQbWrXhG/1Q="
    },
    "@protobufjs/utf8": {
      "version": "1.1.0",
      "resolved": "https://registry.npm.taobao.org/@protobufjs/utf8/download/@protobufjs/utf8-1.1.0.tgz",
      "integrity": "sha1-p3c2C1s5oaLlEG+OhY8v0tBgxXA="
    },
    "@types/long": {
      "version": "4.0.1",
      "resolved": "https://registry.npm.taobao.org/@types/long/download/@types/long-4.0.1.tgz?cache=0&sync_timestamp=1605055033937&other_urls=https%3A%2F%2Fregistry.npm.taobao.org%2F%40types%2Flong%2Fdownload%2F%40types%2Flong-4.0.1.tgz",
      "integrity": "sha1-RZxl+hhn2v5qjzIsTFFpVmPMVek="
    },
    "@types/node": {
      "version": "14.14.7",
      "resolved": "https://registry.npmjs.org/@types/node/-/node-14.14.7.tgz",
      "integrity": "sha512-Zw1vhUSQZYw+7u5dAwNbIA9TuTotpzY/OF7sJM9FqPOF3SPjKnxrjoTktXDZgUjybf4cWVBP7O8wvKdSaGHweg=="
    },
    "@types/tough-cookie": {
      "version": "4.0.0",
      "resolved": "https://registry.npm.taobao.org/@types/tough-cookie/download/@types/tough-cookie-4.0.0.tgz",
      "integrity": "sha1-/vGQTkZotuXs7mDFLMageP+maX0=",
      "peer": true
    },
    "ansi-regex": {
      "version": "5.0.0",
      "resolved": "https://registry.yarnpkg.com/ansi-regex/-/ansi-regex-5.0.0.tgz",
      "integrity": "sha512-bY6fj56OUQ0hU1KjFNDQuJFezqKdrAyFdIevADiqrWHwSlbmBNMHp5ak2f40Pm8JTFyM2mqxkG6ngkHO11f/lg=="
    },
    "ansi-styles": {
      "version": "4.3.0",
      "resolved": "https://registry.yarnpkg.com/ansi-styles/-/ansi-styles-4.3.0.tgz",
      "integrity": "sha512-zbB9rCJAT1rbjiVDb2hqKFHNYLxgtk8NURxZ3IZwD3F6NtxbXZQCnnSi1Lkx+IDohdPlFp222wVALIheZJQSEg==",
      "requires": {
        "color-convert": "^2.0.1"
      }
    },
    "at-least-node": {
      "version": "1.0.0",
      "resolved": "https://registry.npm.taobao.org/at-least-node/download/at-least-node-1.0.0.tgz",
      "integrity": "sha1-YCzUtG6EStTv/JKoARo8RuAjjcI="
    },
    "axios": {
      "version": "0.21.0",
      "resolved": "https://registry.npmjs.org/axios/-/axios-0.21.0.tgz",
      "integrity": "sha512-fmkJBknJKoZwem3/IKSSLpkdNXZeBu5Q7GA/aRsr2btgrptmSCxi2oFjZHqGdK9DoTil9PIHlPIZw2EcRJXRvw==",
      "requires": {
        "follow-redirects": "^1.10.0"
      }
    },
    "axios-cookiejar-support": {
      "version": "1.0.1",
      "resolved": "https://registry.npm.taobao.org/axios-cookiejar-support/download/axios-cookiejar-support-1.0.1.tgz",
      "integrity": "sha1-ezKvfZMlCFRsaLH8W6j1YohBYuE=",
      "requires": {
        "is-redirect": "^1.0.0",
        "pify": "^5.0.0"
      }
    },
    "boolbase": {
      "version": "1.0.0",
      "resolved": "https://registry.npmjs.org/boolbase/-/boolbase-1.0.0.tgz",
      "integrity": "sha1-aN/1++YMUes3cl6p4+0xDcwed24="
    },
    "cheerio": {
      "version": "1.0.0-rc.3",
      "resolved": "https://registry.npmjs.org/cheerio/-/cheerio-1.0.0-rc.3.tgz",
      "integrity": "sha512-0td5ijfUPuubwLUu0OBoe98gZj8C/AA+RW3v67GPlGOrvxWjZmBXiBCRU+I8VEiNyJzjth40POfHiz2RB3gImA==",
      "requires": {
        "css-select": "~1.2.0",
        "dom-serializer": "~0.1.1",
        "entities": "~1.1.1",
        "htmlparser2": "^3.9.1",
        "lodash": "^4.15.0",
        "parse5": "^3.0.1"
      }
    },
    "cliui": {
      "version": "7.0.4",
      "resolved": "https://registry.yarnpkg.com/cliui/-/cliui-7.0.4.tgz",
      "integrity": "sha512-OcRE68cOsVMXp1Yvonl/fzkQOyjLSu/8bhPDfQt0e0/Eb283TKP20Fs2MqoPsr9SwA595rRCA+QMzYc9nBP+JQ==",
      "requires": {
        "string-width": "^4.2.0",
        "strip-ansi": "^6.0.0",
        "wrap-ansi": "^7.0.0"
      }
    },
    "color-convert": {
      "version": "2.0.1",
      "resolved": "https://registry.yarnpkg.com/color-convert/-/color-convert-2.0.1.tgz",
      "integrity": "sha512-RRECPsj7iu/xb5oKYcsFHSppFNnsj/52OVTRKb4zP5onXwVF3zVmmToNcOfGC+CRDpfK/U584fMg38ZHCaElKQ==",
      "requires": {
        "color-name": "~1.1.4"
      }
    },
    "color-name": {
      "version": "1.1.4",
      "resolved": "https://registry.yarnpkg.com/color-name/-/color-name-1.1.4.tgz",
      "integrity": "sha512-dOy+3AuW3a2wNbZHIuMZpTcgjGuLU/uBL/ubcZF9OXbDo8ff4O8yVp5Bf0efS8uEoYo5q4Fx7dY9OgQGXgAsQA=="
    },
    "crypto": {
      "version": "1.0.1",
      "resolved": "https://registry.npmjs.org/crypto/-/crypto-1.0.1.tgz",
      "integrity": "sha512-VxBKmeNcqQdiUQUW2Tzq0t377b54N2bMtXO/qiLa+6eRRmmC4qT3D4OnTGoT/U6O9aklQ/jTwbOtRMTTY8G0Ig=="
    },
    "crypto-js": {
      "version": "4.0.0",
      "resolved": "https://registry.npm.taobao.org/crypto-js/download/crypto-js-4.0.0.tgz",
      "integrity": "sha1-KQSrJnep0EKFai6i74DekuSjbcw="
    },
    "css-select": {
      "version": "1.2.0",
      "resolved": "https://registry.npmjs.org/css-select/-/css-select-1.2.0.tgz",
      "integrity": "sha1-KzoRBTnFNV8c2NMUYj6HCxIeyFg=",
      "requires": {
        "boolbase": "~1.0.0",
        "css-what": "2.1",
        "domutils": "1.5.1",
        "nth-check": "~1.0.1"
      }
    },
    "css-what": {
      "version": "2.1.3",
      "resolved": "https://registry.npmjs.org/css-what/-/css-what-2.1.3.tgz",
      "integrity": "sha512-a+EPoD+uZiNfh+5fxw2nO9QwFa6nJe2Or35fGY6Ipw1R3R4AGz1d1TEZrCegvw2YTmZ0jXirGYlzxxpYSHwpEg=="
    },
    "dayjs": {
      "version": "1.9.6",
      "resolved": "https://registry.npmjs.org/dayjs/-/dayjs-1.9.6.tgz",
      "integrity": "sha512-HngNLtPEBWRo8EFVmHFmSXAjtCX8rGNqeXQI0Gh7wCTSqwaKgPIDqu9m07wABVopNwzvOeCb+2711vQhDlcIXw=="
    },
    "dom-serializer": {
      "version": "0.1.1",
      "resolved": "https://registry.npmjs.org/dom-serializer/-/dom-serializer-0.1.1.tgz",
      "integrity": "sha512-l0IU0pPzLWSHBcieZbpOKgkIn3ts3vAh7ZuFyXNwJxJXk/c4Gwj9xaTJwIDVQCXawWD0qb3IzMGH5rglQaO0XA==",
      "requires": {
        "domelementtype": "^1.3.0",
        "entities": "^1.1.1"
      }
    },
    "domelementtype": {
      "version": "1.3.1",
      "resolved": "https://registry.npmjs.org/domelementtype/-/domelementtype-1.3.1.tgz",
      "integrity": "sha512-BSKB+TSpMpFI/HOxCNr1O8aMOTZ8hT3pM3GQ0w/mWRmkhEDSFJkkyzz4XQsBV44BChwGkrDfMyjVD0eA2aFV3w=="
    },
    "domhandler": {
      "version": "2.4.2",
      "resolved": "https://registry.npmjs.org/domhandler/-/domhandler-2.4.2.tgz",
      "integrity": "sha512-JiK04h0Ht5u/80fdLMCEmV4zkNh2BcoMFBmZ/91WtYZ8qVXSKjiw7fXMgFPnHcSZgOo3XdinHvmnDUeMf5R4wA==",
      "requires": {
        "domelementtype": "1"
      }
    },
    "domutils": {
      "version": "1.5.1",
      "resolved": "https://registry.npmjs.org/domutils/-/domutils-1.5.1.tgz",
      "integrity": "sha1-3NhIiib1Y9YQeeSMn3t+Mjc2gs8=",
      "requires": {
        "dom-serializer": "0",
        "domelementtype": "1"
      }
    },
    "emoji-regex": {
      "version": "8.0.0",
      "resolved": "https://registry.yarnpkg.com/emoji-regex/-/emoji-regex-8.0.0.tgz",
      "integrity": "sha512-MSjYzcWNOA0ewAHpz0MxpYFvwg6yjy1NG3xteoqz644VCo/RPgnr1/GGt+ic3iJTzQ8Eu3TdM14SawnVUmGE6A=="
    },
    "entities": {
      "version": "1.1.2",
      "resolved": "https://registry.npmjs.org/entities/-/entities-1.1.2.tgz",
      "integrity": "sha512-f2LZMYl1Fzu7YSBKg+RoROelpOaNrcGmE9AZubeDfrCEia483oW4MI4VyFd5VNHIgQ/7qm1I0wUHK1eJnn2y2w=="
    },
    "escalade": {
      "version": "3.1.1",
      "resolved": "https://registry.yarnpkg.com/escalade/-/escalade-3.1.1.tgz",
      "integrity": "sha512-k0er2gUkLf8O0zKJiAhmkTnJlTvINGv7ygDNPbeIsX/TJjGJZHuh9B2UxbsaEkmlEo9MfhrSzmhIlhRlI2GXnw=="
    },
    "follow-redirects": {
      "version": "1.13.0",
      "resolved": "https://registry.npmjs.org/follow-redirects/-/follow-redirects-1.13.0.tgz",
      "integrity": "sha512-aq6gF1BEKje4a9i9+5jimNFIpq4Q1WiwBToeRK5NvZBd/TRsmW8BsJfOEGkr76TbOyPVD3OVDN910EcUNtRYEA=="
    },
    "fs-extra": {
      "version": "9.0.1",
      "resolved": "https://registry.npm.taobao.org/fs-extra/download/fs-extra-9.0.1.tgz",
      "integrity": "sha1-kQ2gBiQ3ukw5/t2GPxZ1zP78ufw=",
      "requires": {
        "at-least-node": "^1.0.0",
        "graceful-fs": "^4.2.0",
        "jsonfile": "^6.0.1",
        "universalify": "^1.0.0"
      }
    },
    "get-caller-file": {
      "version": "2.0.5",
      "resolved": "https://registry.yarnpkg.com/get-caller-file/-/get-caller-file-2.0.5.tgz",
      "integrity": "sha512-DyFP3BM/3YHTQOCUL/w0OZHR0lpKeGrxotcHWcqNEdnltqFwXVfhEBQ94eIo34AfQpo0rGki4cyIiftY06h2Fg=="
    },
    "graceful-fs": {
      "version": "4.2.4",
      "resolved": "https://registry.npm.taobao.org/graceful-fs/download/graceful-fs-4.2.4.tgz",
      "integrity": "sha1-Ila94U02MpWMRl68ltxGfKB6Kfs="
    },
    "htmlparser2": {
      "version": "3.10.1",
      "resolved": "https://registry.npmjs.org/htmlparser2/-/htmlparser2-3.10.1.tgz",
      "integrity": "sha512-IgieNijUMbkDovyoKObU1DUhm1iwNYE/fuifEoEHfd1oZKZDaONBSkal7Y01shxsM49R4XaMdGez3WnF9UfiCQ==",
      "requires": {
        "domelementtype": "^1.3.1",
        "domhandler": "^2.3.0",
        "domutils": "^1.5.1",
        "entities": "^1.1.1",
        "inherits": "^2.0.1",
        "readable-stream": "^3.1.1"
      }
    },
    "iconv-lite": {
      "version": "0.6.2",
      "resolved": "https://registry.npmjs.org/iconv-lite/-/iconv-lite-0.6.2.tgz",
      "integrity": "sha512-2y91h5OpQlolefMPmUlivelittSWy0rP+oYVpn6A7GwVHNE8AWzoYOBNmlwks3LobaJxgHCYZAnyNo2GgpNRNQ==",
      "requires": {
        "safer-buffer": ">= 2.1.2 < 3.0.0"
      }
    },
    "inherits": {
      "version": "2.0.4",
      "resolved": "https://registry.npmjs.org/inherits/-/inherits-2.0.4.tgz",
      "integrity": "sha512-k/vGaX4/Yla3WzyMCvTQOXYeIHvqOKtnqBduzTHpzpQZzAskKMhZ2K+EnBiSM9zGSoIFeMpXKxa4dYeZIQqewQ=="
    },
    "is-fullwidth-code-point": {
      "version": "3.0.0",
      "resolved": "https://registry.yarnpkg.com/is-fullwidth-code-point/-/is-fullwidth-code-point-3.0.0.tgz",
      "integrity": "sha512-zymm5+u+sCsSWyD9qNaejV3DFvhCKclKdizYaJUuHA83RLjb7nSuGnddCHGv0hk+KY7BMAlsWeK4Ueg6EV6XQg=="
    },
    "is-redirect": {
      "version": "1.0.0",
      "resolved": "https://registry.npm.taobao.org/is-redirect/download/is-redirect-1.0.0.tgz",
      "integrity": "sha1-HQPd7VO9jbDzDCbk+V02/HyH3CQ="
    },
    "jsonfile": {
      "version": "6.1.0",
      "resolved": "https://registry.npm.taobao.org/jsonfile/download/jsonfile-6.1.0.tgz",
      "integrity": "sha1-vFWyY0eTxnnsZAMJTrE2mKbsCq4=",
      "requires": {
        "graceful-fs": "^4.1.6",
        "universalify": "^2.0.0"
      },
      "dependencies": {
        "universalify": {
          "version": "2.0.0",
          "resolved": "https://registry.npm.taobao.org/universalify/download/universalify-2.0.0.tgz?cache=0&sync_timestamp=1603179970052&other_urls=https%3A%2F%2Fregistry.npm.taobao.org%2Funiversalify%2Fdownload%2Funiversalify-2.0.0.tgz",
          "integrity": "sha1-daSYTv7cSwiXXFrrc/Uw0C3yVxc="
        }
      }
    },
    "lodash": {
      "version": "4.17.20",
      "resolved": "https://registry.npmjs.org/lodash/-/lodash-4.17.20.tgz",
      "integrity": "sha512-PlhdFcillOINfeV7Ni6oF1TAEayyZBoZ8bcshTHqOYJYlrqzRK5hagpagky5o4HfCzzd1TRkXPMFq6cKk9rGmA=="
    },
    "long": {
      "version": "4.0.0",
      "resolved": "https://registry.npm.taobao.org/long/download/long-4.0.0.tgz",
      "integrity": "sha1-mntxz7fTYaGU6lVSQckvdGjVvyg="
    },
    "moment": {
      "version": "2.29.1",
      "resolved": "https://registry.npm.taobao.org/moment/download/moment-2.29.1.tgz?cache=0&sync_timestamp=1601983320283&other_urls=https%3A%2F%2Fregistry.npm.taobao.org%2Fmoment%2Fdownload%2Fmoment-2.29.1.tgz",
      "integrity": "sha1-sr52n6MZQL6e7qZGnAdeNQBvo9M="
    },
    "nth-check": {
      "version": "1.0.2",
      "resolved": "https://registry.npmjs.org/nth-check/-/nth-check-1.0.2.tgz",
      "integrity": "sha512-WeBOdju8SnzPN5vTUJYxYUxLeXpCaVP5i5e0LF8fg7WORF2Wd7wFX/pk0tYZk7s8T+J7VLy0Da6J1+wCT0AtHg==",
      "requires": {
        "boolbase": "~1.0.0"
      }
    },
    "parse5": {
      "version": "3.0.3",
      "resolved": "https://registry.npmjs.org/parse5/-/parse5-3.0.3.tgz",
      "integrity": "sha512-rgO9Zg5LLLkfJF9E6CCmXlSE4UVceloys8JrFqCcHloC3usd/kJCyPDwH2SOlzix2j3xaP9sUX3e8+kvkuleAA==",
      "requires": {
        "@types/node": "*"
      }
    },
    "pify": {
      "version": "5.0.0",
      "resolved": "https://registry.npm.taobao.org/pify/download/pify-5.0.0.tgz",
      "integrity": "sha1-H17KP16H6+wozG1UoOSq8ArMEn8="
    },
    "protobufjs": {
      "version": "6.10.2",
      "resolved": "https://registry.npm.taobao.org/protobufjs/download/protobufjs-6.10.2.tgz?cache=0&sync_timestamp=1605559636133&other_urls=https%3A%2F%2Fregistry.npm.taobao.org%2Fprotobufjs%2Fdownload%2Fprotobufjs-6.10.2.tgz",
      "integrity": "sha1-uctr2OyPh1FFkro/39KOk/M6Rps=",
      "requires": {
        "@protobufjs/aspromise": "^1.1.2",
        "@protobufjs/base64": "^1.1.2",
        "@protobufjs/codegen": "^2.0.4",
        "@protobufjs/eventemitter": "^1.1.0",
        "@protobufjs/fetch": "^1.1.0",
        "@protobufjs/float": "^1.0.2",
        "@protobufjs/inquire": "^1.1.0",
        "@protobufjs/path": "^1.1.2",
        "@protobufjs/pool": "^1.1.0",
        "@protobufjs/utf8": "^1.1.0",
        "@types/long": "^4.0.1",
        "@types/node": "^13.7.0",
        "long": "^4.0.0"
      },
      "dependencies": {
        "@types/node": {
          "version": "13.13.40",
          "resolved": "https://registry.npm.taobao.org/@types/node/download/@types/node-13.13.40.tgz?cache=0&sync_timestamp=1610658214168&other_urls=https%3A%2F%2Fregistry.npm.taobao.org%2F%40types%2Fnode%2Fdownload%2F%40types%2Fnode-13.13.40.tgz",
          "integrity": "sha1-9lXvMnNizIORLy5pM23cYqJKn4g="
        }
      }
    },
    "psl": {
      "version": "1.8.0",
      "resolved": "https://registry.npm.taobao.org/psl/download/psl-1.8.0.tgz",
      "integrity": "sha1-kyb4vPsBOtzABf3/BWrM4CDlHCQ="
    },
    "punycode": {
      "version": "2.1.1",
      "resolved": "https://registry.npm.taobao.org/punycode/download/punycode-2.1.1.tgz",
      "integrity": "sha1-tYsBCsQMIsVldhbI0sLALHv0eew="
    },
    "qs": {
      "version": "6.9.4",
      "resolved": "https://registry.npmjs.org/qs/-/qs-6.9.4.tgz",
      "integrity": "sha512-A1kFqHekCTM7cz0udomYUoYNWjBebHm/5wzU/XqrBRBNWectVH0QIiN+NEcZ0Dte5hvzHwbr8+XQmguPhJ6WdQ=="
    },
    "readable-stream": {
      "version": "3.6.0",
      "resolved": "https://registry.npmjs.org/readable-stream/-/readable-stream-3.6.0.tgz",
      "integrity": "sha512-BViHy7LKeTz4oNnkcLJ+lVSL6vpiFeX6/d3oSH8zCW7UxP2onchk+vTGB143xuFjHS3deTgkKoXXymXqymiIdA==",
      "requires": {
        "inherits": "^2.0.3",
        "string_decoder": "^1.1.1",
        "util-deprecate": "^1.0.1"
      }
    },
    "require-directory": {
      "version": "2.1.1",
      "resolved": "https://registry.yarnpkg.com/require-directory/-/require-directory-2.1.1.tgz",
      "integrity": "sha1-jGStX9MNqxyXbiNE/+f3kqam30I="
    },
    "safe-buffer": {
      "version": "5.2.1",
      "resolved": "https://registry.npmjs.org/safe-buffer/-/safe-buffer-5.2.1.tgz",
      "integrity": "sha512-rp3So07KcdmmKbGvgaNxQSJr7bGVSVk5S9Eq1F+ppbRo70+YeaDxkw5Dd8NPN+GD6bjnYm2VuPuCXmpuYvmCXQ=="
    },
    "safer-buffer": {
      "version": "2.1.2",
      "resolved": "https://registry.npmjs.org/safer-buffer/-/safer-buffer-2.1.2.tgz",
      "integrity": "sha512-YZo3K82SD7Riyi0E1EQPojLz7kpepnSQI9IyPbHHg1XXXevb5dJI7tpyN2ADxGcQbHG7vcyRHk0cbwqcQriUtg=="
    },
    "string_decoder": {
      "version": "1.3.0",
      "resolved": "https://registry.npmjs.org/string_decoder/-/string_decoder-1.3.0.tgz",
      "integrity": "sha512-hkRX8U1WjJFd8LsDJ2yQ/wWWxaopEsABU1XfkM8A+j0+85JAGppt16cr1Whg6KIbb4okU6Mql6BOj+uup/wKeA==",
      "requires": {
        "safe-buffer": "~5.2.0"
      }
    },
    "string-width": {
      "version": "4.2.0",
      "resolved": "https://registry.yarnpkg.com/string-width/-/string-width-4.2.0.tgz",
      "integrity": "sha512-zUz5JD+tgqtuDjMhwIg5uFVV3dtqZ9yQJlZVfq4I01/K5Paj5UHj7VyrQOJvzawSVlKpObApbfD0Ed6yJc+1eg==",
      "requires": {
        "emoji-regex": "^8.0.0",
        "is-fullwidth-code-point": "^3.0.0",
        "strip-ansi": "^6.0.0"
      }
    },
    "strip-ansi": {
      "version": "6.0.0",
      "resolved": "https://registry.yarnpkg.com/strip-ansi/-/strip-ansi-6.0.0.tgz",
      "integrity": "sha512-AuvKTrTfQNYNIctbR1K/YGTR1756GycPsg7b9bdV9Duqur4gv6aKqHXah67Z8ImS7WEz5QVcOtlfW2rZEugt6w==",
      "requires": {
        "ansi-regex": "^5.0.0"
      }
    },
    "tough-cookie": {
      "version": "4.0.0",
      "resolved": "https://registry.npm.taobao.org/tough-cookie/download/tough-cookie-4.0.0.tgz",
      "integrity": "sha1-2CIjTuyogvmR8PkIgkrSYi3b7OQ=",
      "requires": {
        "psl": "^1.1.33",
        "punycode": "^2.1.1",
        "universalify": "^0.1.2"
      },
      "dependencies": {
        "universalify": {
          "version": "0.1.2",
          "resolved": "https://registry.npm.taobao.org/universalify/download/universalify-0.1.2.tgz?cache=0&sync_timestamp=1603179970052&other_urls=https%3A%2F%2Fregistry.npm.taobao.org%2Funiversalify%2Fdownload%2Funiversalify-0.1.2.tgz",
          "integrity": "sha1-tkb2m+OULavOzJ1mOcgNwQXvqmY="
        }
      }
    },
    "universalify": {
      "version": "1.0.0",
      "resolved": "https://registry.npm.taobao.org/universalify/download/universalify-1.0.0.tgz?cache=0&sync_timestamp=1603179970052&other_urls=https%3A%2F%2Fregistry.npm.taobao.org%2Funiversalify%2Fdownload%2Funiversalify-1.0.0.tgz",
      "integrity": "sha1-thodoXPoQ1sv48Z9Kbmt+FlL0W0="
    },
    "util-deprecate": {
      "version": "1.0.2",
      "resolved": "https://registry.npmjs.org/util-deprecate/-/util-deprecate-1.0.2.tgz",
      "integrity": "sha1-RQ1Nyfpw3nMnYvvS1KKJgUGaDM8="
    },
    "wrap-ansi": {
      "version": "7.0.0",
      "resolved": "https://registry.yarnpkg.com/wrap-ansi/-/wrap-ansi-7.0.0.tgz",
      "integrity": "sha512-YVGIj2kamLSTxw6NsZjoBxfSwsn0ycdesmc4p+Q21c5zPuZ1pl+NfxVdxPtdHvmNVOQ6XSYG4AUtyt/Fi7D16Q==",
      "requires": {
        "ansi-styles": "^4.0.0",
        "string-width": "^4.1.0",
        "strip-ansi": "^6.0.0"
      }
    },
    "y18n": {
      "version": "5.0.5",
      "resolved": "https://registry.yarnpkg.com/y18n/-/y18n-5.0.5.tgz",
      "integrity": "sha512-hsRUr4FFrvhhRH12wOdfs38Gy7k2FFzB9qgN9v3aLykRq0dRcdcpz5C9FxdS2NuhOrI/628b/KSTJ3rwHysYSg=="
    },
    "yargs": {
      "version": "16.1.0",
      "resolved": "https://registry.yarnpkg.com/yargs/-/yargs-16.1.0.tgz",
      "integrity": "sha512-upWFJOmDdHN0syLuESuvXDmrRcWd1QafJolHskzaw79uZa7/x53gxQKiR07W59GWY1tFhhU/Th9DrtSfpS782g==",
      "requires": {
        "cliui": "^7.0.2",
        "escalade": "^3.1.1",
        "get-caller-file": "^2.0.5",
        "require-directory": "^2.1.1",
        "string-width": "^4.2.0",
        "y18n": "^5.0.2",
        "yargs-parser": "^20.2.2"
      }
    },
    "yargs-parser": {
      "version": "20.2.4",
      "resolved": "https://registry.yarnpkg.com/yargs-parser/-/yargs-parser-20.2.4.tgz",
      "integrity": "sha512-WOkpgNhPTlE73h4VFAFsOnomJVaovO8VqLDzy5saChRBFQFBoMYirowyW+Q9HB4HFF4Z7VZTiG3iSzJJA29yRA=="
    }
  }
}
